
Microsoft Visual Studio Solution File, Format Version 12.00
# Visual Studio Version 17
VisualStudioVersion = 17.1.32414.318
MinimumVisualStudioVersion = 10.0.40219.1
Project("{9A19103F-16F7-4668-BE54-9A1E7A4F7556}") = "CatImages", "CatImages\CatImages.csproj", "{0EB63624-DD65-451B-8861-8E28410FC6AF}"
EndProject
Project("{9A19103F-16F7-4668-BE54-9A1E7A4F7556}") = "CatImages.Tests", "CatImages.Tests\CatImages.Tests.csproj", "{2051CF68-DD92-4684-8079-41231CDF1782}"
EndProject
Global
	GlobalSection(SolutionConfigurationPlatforms) = preSolution
		Debug|Any CPU = Debug|Any CPU
		Release|Any CPU = Release|Any CPU
	EndGlobalSection
	GlobalSection(ProjectConfigurationPlatforms) = postSolution
		{0EB63624-DD65-451B-8861-8E28410FC6AF}.Debug|Any CPU.ActiveCfg = Debug|Any CPU
		{0EB63624-DD65-451B-8861-8E28410FC6AF}.Debug|Any CPU.Build.0 = Debug|Any CPU
		{0EB63624-DD65-451B-8861-8E28410FC6AF}.Release|Any CPU.ActiveCfg = Release|Any CPU
		{0EB63624-DD65-451B-8861-8E28410FC6AF}.Release|Any CPU.Build.0 = Release|Any CPU
		{2051CF68-DD92-4684-8079-41231CDF1782}.Debug|Any CPU.ActiveCfg = Debug|Any CPU
		{2051CF68-DD92-4684-8079-41231CDF1782}.Debug|Any CPU.Build.0 = Debug|Any CPU
		{2051CF68-DD92-4684-8079-41231CDF1782}.Release|Any CPU.ActiveCfg = Release|Any CPU
		{2051CF68-DD92-4684-8079-41231CDF1782}.Release|Any CPU.Build.0 = Release|Any CPU
	EndGlobalSection
	GlobalSection(SolutionProperties) = preSolution
		HideSolutionNode = FALSE
	EndGlobalSection
	GlobalSection(ExtensibilityGlobals) = postSolution
		SolutionGuid = {149A85C3-96C4-457E-8692-74D1AFEB75CE}
	EndGlobalSection
EndGlobal
